
Microsoft Visual Studio Solution File, Format Version 12.00
# Visual Studio Version 16
VisualStudioVersion = 16.0.33027.164
MinimumVisualStudioVersion = 10.0.40219.1
Project("{FAE04EC0-301F-11D3-BF4B-00C04F79EFBC}") = "BaiTapPhan2", "BaiTapPhan2\BaiTapPhan2.csproj", "{A517E865-FA2A-4152-8C6E-0FEB7886F886}"
EndProject
Global
	GlobalSection(SolutionConfigurationPlatforms) = preSolution
		Debug|Any CPU = Debug|Any CPU
		Release|Any CPU = Release|Any CPU
	EndGlobalSection
	GlobalSection(ProjectConfigurationPlatforms) = postSolution
		{A517E865-FA2A-4152-8C6E-0FEB7886F886}.Debug|Any CPU.ActiveCfg = Debug|Any CPU
		{A517E865-FA2A-4152-8C6E-0FEB7886F886}.Debug|Any CPU.Build.0 = Debug|Any CPU
		{A517E865-FA2A-4152-8C6E-0FEB7886F886}.Release|Any CPU.ActiveCfg = Release|Any CPU
		{A517E865-FA2A-4152-8C6E-0FEB7886F886}.Release|Any CPU.Build.0 = Release|Any CPU
	EndGlobalSection
	GlobalSection(SolutionProperties) = preSolution
		HideSolutionNode = FALSE
	EndGlobalSection
	GlobalSection(ExtensibilityGlobals) = postSolution
		SolutionGuid = {C4B18F3D-C49D-4673-87C4-EA35A152D5E7}
	EndGlobalSection
EndGlobal
